{
  "version": 4,
  "terraform_version": "1.15.8",
  "serial": 62,
  "lineage": "74ccc112-3e33-5d59-c054-667ec78d0630",
  "outputs": {},
  "resources": [
    {
      "mode": "managed",
      "type": "azurerm_resource_group",
      "name": "rg-payg-001",
      "provider": "provider[\"registry.terraform.io/hashicorp/azurerm\"]",
      "instances": [
        {
          "schema_version": 0,
          "attributes": {
            "id": "/subscriptions/1bd99c72-ce0d-4c04-aab6-de58ef8fda86/resourceGroups/rg-payg-001",
            "location": "centralindia",
            "managed_by": "",
            "name": "rg-payg-001",
            "tags": {},
            "timeouts": null
          },
          "sensitive_attributes": [],
          "identity_schema_version": 0,
          "identity": {
            "name": "rg-payg-001",
            "subscription_id": "1bd99c72-ce0d-4c04-aab6-de58ef8fda86"
          },
          "private": "eyJlMmJmYjczMC1lY2FhLTExZTYtOGY4OC0zNDM2M2JjN2M0YzAiOnsiY3JlYXRlIjo1NDAwMDAwMDAwMDAwLCJkZWxldGUiOjU0MDAwMDAwMDAwMDAsInJlYWQiOjMwMDAwMDAwMDAwMCwidXBkYXRlIjo1NDAwMDAwMDAwMDAwfX0="
        }
      ]
    },
    {
      "module": "module.dcr_agent_perf",
      "mode": "managed",
      "type": "azurerm_monitor_data_collection_rule",
      "name": "dcr",
      "provider": "provider[\"registry.terraform.io/hashicorp/azurerm\"]",
      "instances": [
        {
          "schema_version": 0,
          "attributes": {
            "data_collection_endpoint_id": "",
            "data_flow": [
              {
                "built_in_transform": "",
                "destinations": [
                  "la"
                ],
                "output_stream": "",
                "streams": [
                  "Microsoft-Perf"
                ],
                "transform_kql": ""
              }
            ],
            "data_sources": [
              {
                "data_import": [],
                "extension": [],
                "iis_log": [],
                "log_file": [],
                "performance_counter": [
                  {
                    "counter_specifiers": [
                      "Memory\\% Used Memory",
                      "Memory\\Available MBytes Memory"
                    ],
                    "name": "performance_memory",
                    "sampling_frequency_in_seconds": 900,
                    "streams": [
                      "Microsoft-Perf"
                    ]
                  }
                ],
                "platform_telemetry": [],
                "prometheus_forwarder": [],
                "syslog": [],
                "windows_event_log": [],
                "windows_firewall_log": []
              }
            ],
            "description": "",
            "destinations": [
              {
                "azure_monitor_metrics": [],
                "event_hub": [],
                "event_hub_direct": [],
                "log_analytics": [
                  {
                    "name": "la",
                    "workspace_resource_id": "/subscriptions/1bd99c72-ce0d-4c04-aab6-de58ef8fda86/resourceGroups/rg-payg-001/providers/Microsoft.OperationalInsights/workspaces/law-payg-001"
                  }
                ],
                "monitor_account": [],
                "storage_blob": [],
                "storage_blob_direct": [],
                "storage_table_direct": []
              }
            ],
            "id": "/subscriptions/1bd99c72-ce0d-4c04-aab6-de58ef8fda86/resourceGroups/rg-payg-001/providers/Microsoft.Insights/dataCollectionRules/dcr-agent-payg-001",
            "identity": [],
            "immutable_id": "dcr-9e2d62a99845419ca4397c676c6abf7a",
            "kind": "Linux",
            "location": "centralindia",
            "name": "dcr-agent-payg-001",
            "resource_group_name": "rg-payg-001",
            "stream_declaration": [],
            "tags": {
              "created_by": "terraform"
            },
            "timeouts": null
          },
          "sensitive_attributes": [],
          "identity_schema_version": 0,
          "private": "eyJlMmJmYjczMC1lY2FhLTExZTYtOGY4OC0zNDM2M2JjN2M0YzAiOnsiY3JlYXRlIjoxODAwMDAwMDAwMDAwLCJkZWxldGUiOjE4MDAwMDAwMDAwMDAsInJlYWQiOjMwMDAwMDAwMDAwMCwidXBkYXRlIjoxODAwMDAwMDAwMDAwfX0=",
          "dependencies": [
            "azurerm_resource_group.rg-payg-001",
            "module.law_workspace.azurerm_log_analytics_workspace.example"
          ]
        }
      ]
    },
    {
      "module": "module.dcr_agent_perf",
      "mode": "managed",
      "type": "azurerm_monitor_data_collection_rule_association",
      "name": "assoc",
      "provider": "provider[\"registry.terraform.io/hashicorp/azurerm\"]",
      "instances": [
        {
          "schema_version": 0,
          "attributes": {
            "data_collection_endpoint_id": "",
            "data_collection_rule_id": "/subscriptions/1bd99c72-ce0d-4c04-aab6-de58ef8fda86/resourceGroups/rg-payg-001/providers/Microsoft.Insights/dataCollectionRules/dcr-agent-payg-001",
            "description": "",
            "id": "/subscriptions/1bd99c72-ce0d-4c04-aab6-de58ef8fda86/resourceGroups/rg-payg-001/providers/Microsoft.Compute/virtualMachines/linux-vm-payg-001/providers/Microsoft.Insights/dataCollectionRuleAssociations/dcr-agent-payg-001-assoc",
            "name": "dcr-agent-payg-001-assoc",
            "target_resource_id": "/subscriptions/1bd99c72-ce0d-4c04-aab6-de58ef8fda86/resourceGroups/rg-payg-001/providers/Microsoft.Compute/virtualMachines/linux-vm-payg-001",
            "timeouts": null
          },
          "sensitive_attributes": [],
          "identity_schema_version": 0,
          "private": "eyJlMmJmYjczMC1lY2FhLTExZTYtOGY4OC0zNDM2M2JjN2M0YzAiOnsiY3JlYXRlIjoxODAwMDAwMDAwMDAwLCJkZWxldGUiOjE4MDAwMDAwMDAwMDAsInJlYWQiOjMwMDAwMDAwMDAwMCwidXBkYXRlIjoxODAwMDAwMDAwMDAwfX0=",
          "dependencies": [
            "azurerm_resource_group.rg-payg-001",
            "module.dcr_agent_perf.azurerm_monitor_data_collection_rule.dcr",
            "module.law_workspace.azurerm_log_analytics_workspace.example",
            "module.linux_vm.azurerm_linux_virtual_machine.vm",
            "module.linux_vm.azurerm_network_interface.vm_nic",
            "module.subnets.azurerm_subnet.subnet",
            "module.vnet.azurerm_virtual_network.vnet"
          ]
        }
      ]
    },
    {
      "module": "module.key_vault",
      "mode": "data",
      "type": "azurerm_client_config",
      "name": "current",
      "provider": "provider[\"registry.terraform.io/hashicorp/azurerm\"]",
      "instances": [
        {
          "schema_version": 0,
          "attributes": {
            "client_id": "9be84fbf-92ab-4b3b-a039-9f85751a4762",
            "id": "Y2xpZW50Q29uZmlncy9jbGllbnRJZD05YmU4NGZiZi05MmFiLTRiM2ItYTAzOS05Zjg1NzUxYTQ3NjI7b2JqZWN0SWQ9ZjQ5OTRkMmItNWMxMS00OWE4LTliY2QtMDIxNGQ0N2JjMjIxO3N1YnNjcmlwdGlvbklkPTFiZDk5YzcyLWNlMGQtNGMwNC1hYWI2LWRlNThlZjhmZGE4Njt0ZW5hbnRJZD1hMWZjNjZiMi0wNjEzLTQyZjUtYTczOC0xZjFlOGE2MmJjZTA=",
            "object_id": "f4994d2b-5c11-49a8-9bcd-0214d47bc221",
            "subscription_id": "1bd99c72-ce0d-4c04-aab6-de58ef8fda86",
            "tenant_id": "a1fc66b2-0613-42f5-a738-1f1e8a62bce0",
            "timeouts": null
          },
          "sensitive_attributes": [],
          "identity_schema_version": 0
        }
      ]
    },
    {
      "module": "module.key_vault",
      "mode": "managed",
      "type": "azurerm_key_vault",
      "name": "kv",
      "provider": "provider[\"registry.terraform.io/hashicorp/azurerm\"]",
      "instances": [
        {
          "schema_version": 2,
          "attributes": {
            "access_policy": [],
            "contact": [],
            "enable_rbac_authorization": true,
            "enabled_for_deployment": false,
            "enabled_for_disk_encryption": false,
            "enabled_for_template_deployment": false,
            "id": "/subscriptions/1bd99c72-ce0d-4c04-aab6-de58ef8fda86/resourceGroups/rg-payg-001/providers/Microsoft.KeyVault/vaults/kv-payg-001",
            "location": "centralindia",
            "name": "kv-payg-001",
            "network_acls": [
              {
                "bypass": "AzureServices",
                "default_action": "Allow",
                "ip_rules": [],
                "virtual_network_subnet_ids": []
              }
            ],
            "public_network_access_enabled": true,
            "purge_protection_enabled": false,
            "rbac_authorization_enabled": true,
            "resource_group_name": "rg-payg-001",
            "sku_name": "standard",
            "soft_delete_retention_days": 7,
            "tags": {},
            "tenant_id": "a1fc66b2-0613-42f5-a738-1f1e8a62bce0",
            "timeouts": null,
            "vault_uri": "https://kv-payg-001.vault.azure.net/"
          },
          "sensitive_attributes": [],
          "identity_schema_version": 0,
          "identity": {
            "name": "kv-payg-001",
            "resource_group_name": "rg-payg-001",
            "subscription_id": "1bd99c72-ce0d-4c04-aab6-de58ef8fda86"
          },
          "private": "eyJlMmJmYjczMC1lY2FhLTExZTYtOGY4OC0zNDM2M2JjN2M0YzAiOnsiY3JlYXRlIjoxODAwMDAwMDAwMDAwLCJkZWxldGUiOjE4MDAwMDAwMDAwMDAsInJlYWQiOjMwMDAwMDAwMDAwMCwidXBkYXRlIjoxODAwMDAwMDAwMDAwfSwic2NoZW1hX3ZlcnNpb24iOiIyIn0=",
          "dependencies": [
            "azurerm_resource_group.rg-payg-001",
            "module.key_vault.data.azurerm_client_config.current"
          ]
        }
      ]
    },
    {
      "module": "module.key_vault",
      "mode": "managed",
      "type": "azurerm_key_vault_secret",
      "name": "secret",
      "provider": "provider[\"registry.terraform.io/hashicorp/azurerm\"]",
      "instances": [
        {
          "schema_version": 0,
          "attributes": {
            "content_type": "",
            "expiration_date": "",
            "id": "https://kv-payg-001.vault.azure.net/secrets/secret-payg-001/3e3446bd1b3540bf8f6bf78ae64a2578",
            "key_vault_id": "/subscriptions/1bd99c72-ce0d-4c04-aab6-de58ef8fda86/resourceGroups/rg-payg-001/providers/Microsoft.KeyVault/vaults/kv-payg-001",
            "name": "secret-payg-001",
            "not_before_date": "",
            "resource_id": "/subscriptions/1bd99c72-ce0d-4c04-aab6-de58ef8fda86/resourceGroups/rg-payg-001/providers/Microsoft.KeyVault/vaults/kv-payg-001/secrets/secret-payg-001/versions/3e3446bd1b3540bf8f6bf78ae64a2578",
            "resource_versionless_id": "/subscriptions/1bd99c72-ce0d-4c04-aab6-de58ef8fda86/resourceGroups/rg-payg-001/providers/Microsoft.KeyVault/vaults/kv-payg-001/secrets/secret-payg-001",
            "tags": {},
            "timeouts": null,
            "value": "4xP~J9kL8vN2QwE7mZr5TyU1.AbCdEfGhIjKlMnOpQr",
            "value_wo": null,
            "value_wo_version": 0,
            "version": "3e3446bd1b3540bf8f6bf78ae64a2578",
            "versionless_id": "https://kv-payg-001.vault.azure.net/secrets/secret-payg-001"
          },
          "sensitive_attributes": [
            [
              {
                "type": "get_attr",
                "value": "value"
              }
            ]
          ],
          "identity_schema_version": 0,
          "private": "eyJlMmJmYjczMC1lY2FhLTExZTYtOGY4OC0zNDM2M2JjN2M0YzAiOnsiY3JlYXRlIjoxODAwMDAwMDAwMDAwLCJkZWxldGUiOjE4MDAwMDAwMDAwMDAsInJlYWQiOjE4MDAwMDAwMDAwMDAsInVwZGF0ZSI6MTgwMDAwMDAwMDAwMH19",
          "dependencies": [
            "azurerm_resource_group.rg-payg-001",
            "module.key_vault.azurerm_key_vault.kv",
            "module.key_vault.data.azurerm_client_config.current"
          ]
        }
      ]
    },
    {
      "module": "module.key_vault",
      "mode": "managed",
      "type": "azurerm_role_assignment",
      "name": "key_vault_secrets_user",
      "provider": "provider[\"registry.terraform.io/hashicorp/azurerm\"]",
      "instances": [
        {
          "schema_version": 0,
          "attributes": {
            "condition": "",
            "condition_version": "",
            "delegated_managed_identity_resource_id": "",
            "description": "",
            "id": "/subscriptions/1bd99c72-ce0d-4c04-aab6-de58ef8fda86/resourceGroups/rg-payg-001/providers/Microsoft.KeyVault/vaults/kv-payg-001/providers/Microsoft.Authorization/roleAssignments/362c5f37-9f15-bcbe-2035-e18046a08f67",
            "name": "362c5f37-9f15-bcbe-2035-e18046a08f67",
            "principal_id": "f4994d2b-5c11-49a8-9bcd-0214d47bc221",
            "principal_type": "ServicePrincipal",
            "role_definition_id": "/subscriptions/1bd99c72-ce0d-4c04-aab6-de58ef8fda86/providers/Microsoft.Authorization/roleDefinitions/b86a8fe4-44ce-4948-aee5-eccb2c155cd7",
            "role_definition_name": "Key Vault Secrets Officer",
            "scope": "/subscriptions/1bd99c72-ce0d-4c04-aab6-de58ef8fda86/resourceGroups/rg-payg-001/providers/Microsoft.KeyVault/vaults/kv-payg-001",
            "skip_service_principal_aad_check": null,
            "timeouts": null
          },
          "sensitive_attributes": [],
          "identity_schema_version": 0,
          "private": "eyJlMmJmYjczMC1lY2FhLTExZTYtOGY4OC0zNDM2M2JjN2M0YzAiOnsiY3JlYXRlIjoxODAwMDAwMDAwMDAwLCJkZWxldGUiOjE4MDAwMDAwMDAwMDAsInJlYWQiOjMwMDAwMDAwMDAwMH19",
          "dependencies": [
            "azurerm_resource_group.rg-payg-001",
            "module.key_vault.azurerm_key_vault.kv",
            "module.key_vault.data.azurerm_client_config.current"
          ]
        }
      ]
    },
    {
      "module": "module.law_workspace",
      "mode": "managed",
      "type": "azurerm_log_analytics_workspace",
      "name": "example",
      "provider": "provider[\"registry.terraform.io/hashicorp/azurerm\"]",
      "instances": [
        {
          "schema_version": 3,
          "attributes": {
            "allow_resource_only_permissions": true,
            "cmk_for_query_forced": false,
            "daily_quota_gb": -1,
            "data_collection_rule_id": "",
            "id": "/subscriptions/1bd99c72-ce0d-4c04-aab6-de58ef8fda86/resourceGroups/rg-payg-001/providers/Microsoft.OperationalInsights/workspaces/law-payg-001",
            "identity": [],
            "immediate_data_purge_on_30_days_enabled": false,
            "internet_ingestion_enabled": true,
            "internet_query_enabled": true,
            "local_authentication_disabled": false,
            "local_authentication_enabled": true,
            "location": "centralindia",
            "name": "law-payg-001",
            "primary_shared_key": "UoTxp/7fCmZMgp+GLhfSjlEpIXpaPRwQ8d2PFcJWu2TLANbUqWOd/dyPIpL4YfrGs+D7RwI8fJqOuTIxPMCJTQ==",
            "reservation_capacity_in_gb_per_day": null,
            "resource_group_name": "rg-payg-001",
            "retention_in_days": 30,
            "secondary_shared_key": "AGe7Bm3dDkhrYJ3T2ELGChhfYyzsgOu8vorMwoRls+01ilMeLfl06Eb5IeBi6yrZAo9MoIpaTXQIjaQ+c3TZpA==",
            "sku": "PerGB2018",
            "tags": {},
            "timeouts": null,
            "workspace_id": "329d630c-30de-4fc1-bde7-6d04a6857e42"
          },
          "sensitive_attributes": [
            [
              {
                "type": "get_attr",
                "value": "primary_shared_key"
              }
            ],
            [
              {
                "type": "get_attr",
                "value": "secondary_shared_key"
              }
            ]
          ],
          "identity_schema_version": 0,
          "private": "eyJlMmJmYjczMC1lY2FhLTExZTYtOGY4OC0zNDM2M2JjN2M0YzAiOnsiY3JlYXRlIjoxODAwMDAwMDAwMDAwLCJkZWxldGUiOjE4MDAwMDAwMDAwMDAsInJlYWQiOjMwMDAwMDAwMDAwMCwidXBkYXRlIjoxODAwMDAwMDAwMDAwfSwic2NoZW1hX3ZlcnNpb24iOiIzIn0=",
          "dependencies": [
            "azurerm_resource_group.rg-payg-001"
          ]
        }
      ]
    },
    {
      "module": "module.linux_vm",
      "mode": "managed",
      "type": "azurerm_linux_virtual_machine",
      "name": "vm",
      "provider": "provider[\"registry.terraform.io/hashicorp/azurerm\"]",
      "instances": [
        {
          "schema_version": 0,
          "attributes": {
            "additional_capabilities": [],
            "admin_password": "Comnet@123456",
            "admin_ssh_key": [],
            "admin_username": "provider",
            "allow_extension_operations": true,
            "availability_set_id": "",
            "boot_diagnostics": [],
            "bypass_platform_safety_checks_on_user_schedule_enabled": false,
            "capacity_reservation_group_id": "",
            "computer_name": "linux-vm-payg-001",
            "custom_data": null,
            "dedicated_host_group_id": "",
            "dedicated_host_id": "",
            "disable_password_authentication": false,
            "disk_controller_type": "SCSI",
            "edge_zone": "",
            "encryption_at_host_enabled": false,
            "eviction_policy": "",
            "extensions_time_budget": "PT1H30M",
            "gallery_application": [],
            "id": "/subscriptions/1bd99c72-ce0d-4c04-aab6-de58ef8fda86/resourceGroups/rg-payg-001/providers/Microsoft.Compute/virtualMachines/linux-vm-payg-001",
            "identity": [],
            "license_type": "",
            "location": "centralindia",
            "max_bid_price": -1,
            "name": "linux-vm-payg-001",
            "network_interface_ids": [
              "/subscriptions/1bd99c72-ce0d-4c04-aab6-de58ef8fda86/resourceGroups/rg-payg-001/providers/Microsoft.Network/networkInterfaces/linux-vm-payg-001-nic"
            ],
            "os_disk": [
              {
                "caching": "ReadWrite",
                "diff_disk_settings": [],
                "disk_encryption_set_id": "",
                "disk_size_gb": 30,
                "id": "/subscriptions/1bd99c72-ce0d-4c04-aab6-de58ef8fda86/resourceGroups/rg-payg-001/providers/Microsoft.Compute/disks/linux-vm-payg-001_OsDisk_1_75d1908a391447b993a017fbdaf67cec",
                "name": "linux-vm-payg-001_OsDisk_1_75d1908a391447b993a017fbdaf67cec",
                "secure_vm_disk_encryption_set_id": "",
                "security_encryption_type": "",
                "storage_account_type": "Standard_LRS",
                "write_accelerator_enabled": false
              }
            ],
            "os_image_notification": [],
            "os_managed_disk_id": "/subscriptions/1bd99c72-ce0d-4c04-aab6-de58ef8fda86/resourceGroups/rg-payg-001/providers/Microsoft.Compute/disks/linux-vm-payg-001_OsDisk_1_75d1908a391447b993a017fbdaf67cec",
            "patch_assessment_mode": "ImageDefault",
            "patch_mode": "ImageDefault",
            "plan": [],
            "platform_fault_domain": -1,
            "priority": "Regular",
            "private_ip_address": "192.168.1.4",
            "private_ip_addresses": [
              "192.168.1.4"
            ],
            "provision_vm_agent": true,
            "proximity_placement_group_id": "",
            "public_ip_address": "",
            "public_ip_addresses": [],
            "reboot_setting": "",
            "resource_group_name": "rg-payg-001",
            "secret": [],
            "secure_boot_enabled": false,
            "size": "Standard_D2as_v4",
            "source_image_id": "",
            "source_image_reference": [
              {
                "offer": "ubuntu-24_04-lts",
                "publisher": "Canonical",
                "sku": "server",
                "version": "latest"
              }
            ],
            "tags": {
              "cost-center": "payg",
              "owner": "bajajrahul001@gmail.com"
            },
            "termination_notification": [],
            "timeouts": null,
            "user_data": "",
            "virtual_machine_id": "3f6a9e83-717f-4f60-aa17-5181c1a4aa54",
            "virtual_machine_scale_set_id": "",
            "vm_agent_platform_updates_enabled": false,
            "vtpm_enabled": false,
            "zone": ""
          },
          "sensitive_attributes": [
            [
              {
                "type": "get_attr",
                "value": "admin_password"
              }
            ],
            [
              {
                "type": "get_attr",
                "value": "custom_data"
              }
            ]
          ],
          "identity_schema_version": 0,
          "private": "eyJlMmJmYjczMC1lY2FhLTExZTYtOGY4OC0zNDM2M2JjN2M0YzAiOnsiY3JlYXRlIjoyNzAwMDAwMDAwMDAwLCJkZWxldGUiOjI3MDAwMDAwMDAwMDAsInJlYWQiOjMwMDAwMDAwMDAwMCwidXBkYXRlIjoyNzAwMDAwMDAwMDAwfX0=",
          "dependencies": [
            "azurerm_resource_group.rg-payg-001",
            "module.linux_vm.azurerm_network_interface.vm_nic",
            "module.subnets.azurerm_subnet.subnet",
            "module.vnet.azurerm_virtual_network.vnet"
          ]
        }
      ]
    },
    {
      "module": "module.linux_vm",
      "mode": "managed",
      "type": "azurerm_network_interface",
      "name": "vm_nic",
      "provider": "provider[\"registry.terraform.io/hashicorp/azurerm\"]",
      "instances": [
        {
          "schema_version": 0,
          "attributes": {
            "accelerated_networking_enabled": false,
            "applied_dns_servers": [],
            "auxiliary_mode": "",
            "auxiliary_sku": "",
            "dns_servers": [],
            "edge_zone": "",
            "id": "/subscriptions/1bd99c72-ce0d-4c04-aab6-de58ef8fda86/resourceGroups/rg-payg-001/providers/Microsoft.Network/networkInterfaces/linux-vm-payg-001-nic",
            "internal_dns_name_label": "",
            "internal_domain_name_suffix": "",
            "ip_configuration": [
              {
                "gateway_load_balancer_frontend_ip_configuration_id": "",
                "name": "ipconfig1",
                "primary": true,
                "private_ip_address": "192.168.1.4",
                "private_ip_address_allocation": "Dynamic",
                "private_ip_address_version": "IPv4",
                "public_ip_address_id": "",
                "subnet_id": "/subscriptions/1bd99c72-ce0d-4c04-aab6-de58ef8fda86/resourceGroups/rg-payg-001/providers/Microsoft.Network/virtualNetworks/vnet-payg-001/subnets/snet-web-payg-001"
              }
            ],
            "ip_forwarding_enabled": false,
            "location": "centralindia",
            "mac_address": "7C-ED-8D-9E-B9-FF",
            "name": "linux-vm-payg-001-nic",
            "private_ip_address": "192.168.1.4",
            "private_ip_addresses": [
              "192.168.1.4"
            ],
            "resource_group_name": "rg-payg-001",
            "tags": {
              "cost-center": "payg",
              "owner": "bajajrahul001@gmail.com"
            },
            "timeouts": null,
            "virtual_machine_id": "/subscriptions/1bd99c72-ce0d-4c04-aab6-de58ef8fda86/resourceGroups/rg-payg-001/providers/Microsoft.Compute/virtualMachines/linux-vm-payg-001"
          },
          "sensitive_attributes": [],
          "identity_schema_version": 0,
          "identity": {
            "name": "linux-vm-payg-001-nic",
            "resource_group_name": "rg-payg-001",
            "subscription_id": "1bd99c72-ce0d-4c04-aab6-de58ef8fda86"
          },
          "private": "eyJlMmJmYjczMC1lY2FhLTExZTYtOGY4OC0zNDM2M2JjN2M0YzAiOnsiY3JlYXRlIjoxODAwMDAwMDAwMDAwLCJkZWxldGUiOjE4MDAwMDAwMDAwMDAsInJlYWQiOjMwMDAwMDAwMDAwMCwidXBkYXRlIjoxODAwMDAwMDAwMDAwfX0=",
          "dependencies": [
            "azurerm_resource_group.rg-payg-001",
            "module.subnets.azurerm_subnet.subnet",
            "module.vnet.azurerm_virtual_network.vnet"
          ]
        }
      ]
    },
    {
      "module": "module.subnets",
      "mode": "managed",
      "type": "azurerm_subnet",
      "name": "subnet",
      "provider": "provider[\"registry.terraform.io/hashicorp/azurerm\"]",
      "instances": [
        {
          "index_key": "snet-app-payg-001",
          "schema_version": 0,
          "attributes": {
            "address_prefixes": [
              "192.168.1.32/27"
            ],
            "default_outbound_access_enabled": true,
            "delegation": [],
            "id": "/subscriptions/1bd99c72-ce0d-4c04-aab6-de58ef8fda86/resourceGroups/rg-payg-001/providers/Microsoft.Network/virtualNetworks/vnet-payg-001/subnets/snet-app-payg-001",
            "ip_address_pool": [],
            "name": "snet-app-payg-001",
            "private_endpoint_network_policies": "Disabled",
            "private_link_service_network_policies_enabled": true,
            "resource_group_name": "rg-payg-001",
            "service_endpoint_policy_ids": [],
            "service_endpoints": [],
            "sharing_scope": "",
            "timeouts": null,
            "virtual_network_name": "vnet-payg-001"
          },
          "sensitive_attributes": [],
          "identity_schema_version": 0,
          "identity": {
            "name": "snet-app-payg-001",
            "resource_group_name": "rg-payg-001",
            "subscription_id": "1bd99c72-ce0d-4c04-aab6-de58ef8fda86",
            "virtual_network_name": "vnet-payg-001"
          },
          "private": "eyJlMmJmYjczMC1lY2FhLTExZTYtOGY4OC0zNDM2M2JjN2M0YzAiOnsiY3JlYXRlIjoxODAwMDAwMDAwMDAwLCJkZWxldGUiOjE4MDAwMDAwMDAwMDAsInJlYWQiOjMwMDAwMDAwMDAwMCwidXBkYXRlIjoxODAwMDAwMDAwMDAwfX0=",
          "dependencies": [
            "azurerm_resource_group.rg-payg-001",
            "module.vnet.azurerm_virtual_network.vnet"
          ]
        },
        {
          "index_key": "snet-db-payg-001",
          "schema_version": 0,
          "attributes": {
            "address_prefixes": [
              "192.168.1.64/27"
            ],
            "default_outbound_access_enabled": true,
            "delegation": [],
            "id": "/subscriptions/1bd99c72-ce0d-4c04-aab6-de58ef8fda86/resourceGroups/rg-payg-001/providers/Microsoft.Network/virtualNetworks/vnet-payg-001/subnets/snet-db-payg-001",
            "ip_address_pool": [],
            "name": "snet-db-payg-001",
            "private_endpoint_network_policies": "Disabled",
            "private_link_service_network_policies_enabled": true,
            "resource_group_name": "rg-payg-001",
            "service_endpoint_policy_ids": [],
            "service_endpoints": [],
            "sharing_scope": "",
            "timeouts": null,
            "virtual_network_name": "vnet-payg-001"
          },
          "sensitive_attributes": [],
          "identity_schema_version": 0,
          "identity": {
            "name": "snet-db-payg-001",
            "resource_group_name": "rg-payg-001",
            "subscription_id": "1bd99c72-ce0d-4c04-aab6-de58ef8fda86",
            "virtual_network_name": "vnet-payg-001"
          },
          "private": "eyJlMmJmYjczMC1lY2FhLTExZTYtOGY4OC0zNDM2M2JjN2M0YzAiOnsiY3JlYXRlIjoxODAwMDAwMDAwMDAwLCJkZWxldGUiOjE4MDAwMDAwMDAwMDAsInJlYWQiOjMwMDAwMDAwMDAwMCwidXBkYXRlIjoxODAwMDAwMDAwMDAwfX0=",
          "dependencies": [
            "azurerm_resource_group.rg-payg-001",
            "module.vnet.azurerm_virtual_network.vnet"
          ]
        },
        {
          "index_key": "snet-pe-payg-001",
          "schema_version": 0,
          "attributes": {
            "address_prefixes": [
              "192.168.1.128/26"
            ],
            "default_outbound_access_enabled": true,
            "delegation": [],
            "id": "/subscriptions/1bd99c72-ce0d-4c04-aab6-de58ef8fda86/resourceGroups/rg-payg-001/providers/Microsoft.Network/virtualNetworks/vnet-payg-001/subnets/snet-pe-payg-001",
            "ip_address_pool": [],
            "name": "snet-pe-payg-001",
            "private_endpoint_network_policies": "Disabled",
            "private_link_service_network_policies_enabled": true,
            "resource_group_name": "rg-payg-001",
            "service_endpoint_policy_ids": [],
            "service_endpoints": [],
            "sharing_scope": "",
            "timeouts": null,
            "virtual_network_name": "vnet-payg-001"
          },
          "sensitive_attributes": [],
          "identity_schema_version": 0,
          "identity": {
            "name": "snet-pe-payg-001",
            "resource_group_name": "rg-payg-001",
            "subscription_id": "1bd99c72-ce0d-4c04-aab6-de58ef8fda86",
            "virtual_network_name": "vnet-payg-001"
          },
          "private": "eyJlMmJmYjczMC1lY2FhLTExZTYtOGY4OC0zNDM2M2JjN2M0YzAiOnsiY3JlYXRlIjoxODAwMDAwMDAwMDAwLCJkZWxldGUiOjE4MDAwMDAwMDAwMDAsInJlYWQiOjMwMDAwMDAwMDAwMCwidXBkYXRlIjoxODAwMDAwMDAwMDAwfX0=",
          "dependencies": [
            "azurerm_resource_group.rg-payg-001",
            "module.vnet.azurerm_virtual_network.vnet"
          ]
        },
        {
          "index_key": "snet-web-payg-001",
          "schema_version": 0,
          "attributes": {
            "address_prefixes": [
              "192.168.1.0/27"
            ],
            "default_outbound_access_enabled": true,
            "delegation": [],
            "id": "/subscriptions/1bd99c72-ce0d-4c04-aab6-de58ef8fda86/resourceGroups/rg-payg-001/providers/Microsoft.Network/virtualNetworks/vnet-payg-001/subnets/snet-web-payg-001",
            "ip_address_pool": [],
            "name": "snet-web-payg-001",
            "private_endpoint_network_policies": "Disabled",
            "private_link_service_network_policies_enabled": true,
            "resource_group_name": "rg-payg-001",
            "service_endpoint_policy_ids": [],
            "service_endpoints": [],
            "sharing_scope": "",
            "timeouts": null,
            "virtual_network_name": "vnet-payg-001"
          },
          "sensitive_attributes": [],
          "identity_schema_version": 0,
          "identity": {
            "name": "snet-web-payg-001",
            "resource_group_name": "rg-payg-001",
            "subscription_id": "1bd99c72-ce0d-4c04-aab6-de58ef8fda86",
            "virtual_network_name": "vnet-payg-001"
          },
          "private": "eyJlMmJmYjczMC1lY2FhLTExZTYtOGY4OC0zNDM2M2JjN2M0YzAiOnsiY3JlYXRlIjoxODAwMDAwMDAwMDAwLCJkZWxldGUiOjE4MDAwMDAwMDAwMDAsInJlYWQiOjMwMDAwMDAwMDAwMCwidXBkYXRlIjoxODAwMDAwMDAwMDAwfX0=",
          "dependencies": [
            "azurerm_resource_group.rg-payg-001",
            "module.vnet.azurerm_virtual_network.vnet"
          ]
        }
      ]
    },
    {
      "module": "module.vnet",
      "mode": "managed",
      "type": "azurerm_virtual_network",
      "name": "vnet",
      "provider": "provider[\"registry.terraform.io/hashicorp/azurerm\"]",
      "instances": [
        {
          "schema_version": 0,
          "attributes": {
            "address_space": [
              "192.168.1.0/24"
            ],
            "bgp_community": "",
            "ddos_protection_plan": [],
            "dns_servers": [],
            "edge_zone": "",
            "encryption": [],
            "flow_timeout_in_minutes": 0,
            "guid": "094f93cf-7d01-4513-9cf5-0cd688cd83e8",
            "id": "/subscriptions/1bd99c72-ce0d-4c04-aab6-de58ef8fda86/resourceGroups/rg-payg-001/providers/Microsoft.Network/virtualNetworks/vnet-payg-001",
            "ip_address_pool": [],
            "location": "centralindia",
            "name": "vnet-payg-001",
            "private_endpoint_vnet_policies": "Disabled",
            "resource_group_name": "rg-payg-001",
            "subnet": [
              {
                "address_prefixes": [
                  "192.168.1.0/27"
                ],
                "default_outbound_access_enabled": true,
                "delegation": [],
                "id": "/subscriptions/1bd99c72-ce0d-4c04-aab6-de58ef8fda86/resourceGroups/rg-payg-001/providers/Microsoft.Network/virtualNetworks/vnet-payg-001/subnets/snet-web-payg-001",
                "name": "snet-web-payg-001",
                "private_endpoint_network_policies": "Disabled",
                "private_link_service_network_policies_enabled": true,
                "route_table_id": "",
                "security_group": "",
                "service_endpoint_policy_ids": [],
                "service_endpoints": []
              },
              {
                "address_prefixes": [
                  "192.168.1.128/26"
                ],
                "default_outbound_access_enabled": true,
                "delegation": [],
                "id": "/subscriptions/1bd99c72-ce0d-4c04-aab6-de58ef8fda86/resourceGroups/rg-payg-001/providers/Microsoft.Network/virtualNetworks/vnet-payg-001/subnets/snet-pe-payg-001",
                "name": "snet-pe-payg-001",
                "private_endpoint_network_policies": "Disabled",
                "private_link_service_network_policies_enabled": true,
                "route_table_id": "",
                "security_group": "",
                "service_endpoint_policy_ids": [],
                "service_endpoints": []
              },
              {
                "address_prefixes": [
                  "192.168.1.32/27"
                ],
                "default_outbound_access_enabled": true,
                "delegation": [],
                "id": "/subscriptions/1bd99c72-ce0d-4c04-aab6-de58ef8fda86/resourceGroups/rg-payg-001/providers/Microsoft.Network/virtualNetworks/vnet-payg-001/subnets/snet-app-payg-001",
                "name": "snet-app-payg-001",
                "private_endpoint_network_policies": "Disabled",
                "private_link_service_network_policies_enabled": true,
                "route_table_id": "",
                "security_group": "",
                "service_endpoint_policy_ids": [],
                "service_endpoints": []
              },
              {
                "address_prefixes": [
                  "192.168.1.64/27"
                ],
                "default_outbound_access_enabled": true,
                "delegation": [],
                "id": "/subscriptions/1bd99c72-ce0d-4c04-aab6-de58ef8fda86/resourceGroups/rg-payg-001/providers/Microsoft.Network/virtualNetworks/vnet-payg-001/subnets/snet-db-payg-001",
                "name": "snet-db-payg-001",
                "private_endpoint_network_policies": "Disabled",
                "private_link_service_network_policies_enabled": true,
                "route_table_id": "",
                "security_group": "",
                "service_endpoint_policy_ids": [],
                "service_endpoints": []
              }
            ],
            "tags": {},
            "timeouts": null
          },
          "sensitive_attributes": [],
          "identity_schema_version": 0,
          "identity": {
            "name": "vnet-payg-001",
            "resource_group_name": "rg-payg-001",
            "subscription_id": "1bd99c72-ce0d-4c04-aab6-de58ef8fda86"
          },
          "private": "eyJlMmJmYjczMC1lY2FhLTExZTYtOGY4OC0zNDM2M2JjN2M0YzAiOnsiY3JlYXRlIjoxODAwMDAwMDAwMDAwLCJkZWxldGUiOjE4MDAwMDAwMDAwMDAsInJlYWQiOjMwMDAwMDAwMDAwMCwidXBkYXRlIjoxODAwMDAwMDAwMDAwfX0=",
          "dependencies": [
            "azurerm_resource_group.rg-payg-001"
          ]
        }
      ]
    }
  ],
  "check_results": [
    {
      "object_kind": "var",
      "config_addr": "module.linux_vm.var.availability_option",
      "status": "pass",
      "objects": [
        {
          "object_addr": "module.linux_vm.var.availability_option",
          "status": "pass"
        }
      ]
    },
    {
      "object_kind": "var",
      "config_addr": "module.linux_vm.var.security_type",
      "status": "pass",
      "objects": [
        {
          "object_addr": "module.linux_vm.var.security_type",
          "status": "pass"
        }
      ]
    }
  ]
}
